github.com/bobg/errors v1.1.0 h1:gsVanPzJMpZQpwY+27/GQYElZez5CuMYwiIpk2A3RGw=
github.com/bobg/errors v1.1.0/go.mod h1:Q4775qBZpnte7EGFJqmvnlB1U4pkI1XmU3qxqdp7Zcc=
github.com/google/go-cmp v0.6.0 h1:ofyhxvXcZhMsU5ulbFiLKl/XBFqE1GSq7atu8tAmTRI=
github.com/google/go-cmp v0.6.0/go.mod h1:17dUlkBOakJ0+DkrSSNjCkIjxS6bF9zb3elmeNGIjoY=
